
Microsoft Visual Studio Solution File, Format Version 12.00
# Visual Studio Version 17
VisualStudioVersion = 17.13.35806.99 d17.13
MinimumVisualStudioVersion = 10.0.40219.1
Project("{FAE04EC0-301F-11D3-BF4B-00C04F79EFBC}") = "AplicativoChamados", "AplicativoChamados.csproj", "{EFE6E3EB-429C-431F-B161-D643B3019E2E}"
EndProject
Global
	GlobalSection(SolutionConfigurationPlatforms) = preSolution
		Debug|Any CPU = Debug|Any CPU
		Release|Any CPU = Release|Any CPU
	EndGlobalSection
	GlobalSection(ProjectConfigurationPlatforms) = postSolution
		{EFE6E3EB-429C-431F-B161-D643B3019E2E}.Debug|Any CPU.ActiveCfg = Debug|Any CPU
		{EFE6E3EB-429C-431F-B161-D643B3019E2E}.Debug|Any CPU.Build.0 = Debug|Any CPU
		{EFE6E3EB-429C-431F-B161-D643B3019E2E}.Release|Any CPU.ActiveCfg = Release|Any CPU
		{EFE6E3EB-429C-431F-B161-D643B3019E2E}.Release|Any CPU.Build.0 = Release|Any CPU
	EndGlobalSection
	GlobalSection(SolutionProperties) = preSolution
		HideSolutionNode = FALSE
	EndGlobalSection
	GlobalSection(ExtensibilityGlobals) = postSolution
		SolutionGuid = {96C6EA8B-41C6-41CC-84CB-7D46339D398F}
	EndGlobalSection
EndGlobal
